{
  "version": 4,
  "terraform_version": "1.12.0",
  "serial": 79,
  "lineage": "9a33cdfe-617f-fb91-7db1-f1e4cb238a1c",
  "outputs": {},
  "resources": [
    {
      "mode": "data",
      "type": "aws_ami",
      "name": "ec2_ami",
      "provider": "provider[\"registry.terraform.io/hashicorp/aws\"]",
      "instances": [
        {
          "schema_version": 0,
          "attributes": {
            "architecture": "x86_64",
            "arn": "arn:aws:ec2:ap-south-1::image/ami-02d05f76acbed4e3e",
            "block_device_mappings": [
              {
                "device_name": "/dev/xvda",
                "ebs": {
                  "delete_on_termination": "true",
                  "encrypted": "false",
                  "iops": "3000",
                  "snapshot_id": "snap-03d9cb8a3f8f8079b",
                  "throughput": "125",
                  "volume_size": "30",
                  "volume_type": "gp3"
                },
                "no_device": "",
                "virtual_name": ""
              }
            ],
            "creation_date": "2025-11-20T01:19:37.000Z",
            "description": "Amazon Linux AMI 2023.0.20251119 x86_64 ECS HVM EBS",
            "ena_support": true,
            "executable_users": null,
            "filter": [
              {
                "name": "architecture",
                "values": [
                  "x86_64"
                ]
              },
              {
                "name": "name",
                "values": [
                  "al2023-ami-*-kernel-*-x86_64"
                ]
              },
              {
                "name": "root-device-type",
                "values": [
                  "ebs"
                ]
              },
              {
                "name": "virtualization-type",
                "values": [
                  "hvm"
                ]
              }
            ],
            "hypervisor": "xen",
            "id": "ami-02d05f76acbed4e3e",
            "image_id": "ami-02d05f76acbed4e3e",
            "image_location": "amazon/al2023-ami-ecs-hvm-2023.0.20251119-kernel-6.1-x86_64",
            "image_owner_alias": "amazon",
            "image_type": "machine",
            "kernel_id": null,
            "most_recent": true,
            "name": "al2023-ami-ecs-hvm-2023.0.20251119-kernel-6.1-x86_64",
            "name_regex": null,
            "owner_id": "591542846629",
            "owners": [
              "amazon"
            ],
            "platform": null,
            "platform_details": "Linux/UNIX",
            "product_codes": [],
            "public": true,
            "ramdisk_id": null,
            "root_device_name": "/dev/xvda",
            "root_device_type": "ebs",
            "root_snapshot_id": "snap-03d9cb8a3f8f8079b",
            "sriov_net_support": "simple",
            "state": "available",
            "state_reason": {
              "code": "UNSET",
              "message": "UNSET"
            },
            "tags": {},
            "usage_operation": "RunInstances",
            "virtualization_type": "hvm"
          },
          "sensitive_attributes": [],
          "identity_schema_version": 0
        }
      ]
    },
    {
      "mode": "data",
      "type": "aws_route53_zone",
      "name": "main",
      "provider": "provider[\"registry.terraform.io/hashicorp/aws\"]",
      "instances": [
        {
          "schema_version": 0,
          "attributes": {
            "arn": "arn:aws:route53:::hostedzone/Z0790892C0U4BHUHWBDT",
            "caller_reference": "6ecc4e6e-9c6f-4646-8ff8-4f539614c505",
            "comment": "Hosted zone for chimein.ink",
            "id": "Z0790892C0U4BHUHWBDT",
            "linked_service_description": null,
            "linked_service_principal": null,
            "name": "chimein.ink",
            "name_servers": [
              "ns-59.awsdns-07.com",
              "ns-865.awsdns-44.net",
              "ns-1764.awsdns-28.co.uk",
              "ns-1395.awsdns-46.org"
            ],
            "private_zone": false,
            "resource_record_set_count": 6,
            "tags": {},
            "vpc_id": null,
            "zone_id": "Z0790892C0U4BHUHWBDT"
          },
          "sensitive_attributes": [],
          "identity_schema_version": 0
        }
      ]
    },
    {
      "mode": "data",
      "type": "aws_ssm_parameter",
      "name": "al2023_minimal",
      "provider": "provider[\"registry.terraform.io/hashicorp/aws\"]",
      "instances": [
        {
          "schema_version": 0,
          "attributes": {
            "arn": "arn:aws:ssm:ap-south-1::parameter/aws/service/ami-amazon-linux-latest/al2023-ami-minimal-kernel-default-x86_64",
            "id": "/aws/service/ami-amazon-linux-latest/al2023-ami-minimal-kernel-default-x86_64",
            "name": "/aws/service/ami-amazon-linux-latest/al2023-ami-minimal-kernel-default-x86_64",
            "type": "String",
            "value": "ami-09796aa7c278007bb",
            "version": 141,
            "with_decryption": true
          },
          "sensitive_attributes": [
            [
              {
                "type": "get_attr",
                "value": "value"
              }
            ]
          ],
          "identity_schema_version": 0
        }
      ]
    },
    {
      "mode": "managed",
      "type": "aws_acm_certificate",
      "name": "dev_cert",
      "provider": "provider[\"registry.terraform.io/hashicorp/aws\"]",
      "instances": [
        {
          "schema_version": 0,
          "attributes": {
            "arn": "arn:aws:acm:ap-south-1:228407934416:certificate/003b63bb-cf82-4570-9fb1-c6611a34d30b",
            "certificate_authority_arn": "",
            "certificate_body": null,
            "certificate_chain": null,
            "domain_name": "api.chimein.ink",
            "domain_validation_options": [
              {
                "domain_name": "api.chimein.ink",
                "resource_record_name": "_f1b16c90255d71c7ef3baefed2c2acf8.api.chimein.ink.",
                "resource_record_type": "CNAME",
                "resource_record_value": "_777b44032d2806d51847da55fd6f7940.jkddzztszm.acm-validations.aws."
              }
            ],
            "id": "arn:aws:acm:ap-south-1:228407934416:certificate/003b63bb-cf82-4570-9fb1-c6611a34d30b",
            "options": [
              {
                "certificate_transparency_logging_preference": "ENABLED"
              }
            ],
            "private_key": null,
            "status": "PENDING_VALIDATION",
            "subject_alternative_names": [],
            "tags": {
              "Environment": "main",
              "Name": "chimein-server-main"
            },
            "tags_all": {
              "Environment": "main",
              "Name": "chimein-server-main"
            },
            "validation_emails": [],
            "validation_method": "DNS"
          },
          "sensitive_attributes": [
            [
              {
                "type": "get_attr",
                "value": "private_key"
              }
            ]
          ],
          "identity_schema_version": 0,
          "private": "bnVsbA==",
          "create_before_destroy": true
        }
      ]
    },
    {
      "mode": "managed",
      "type": "aws_acm_certificate_validation",
      "name": "cert_validation",
      "provider": "provider[\"registry.terraform.io/hashicorp/aws\"]",
      "instances": [
        {
          "schema_version": 0,
          "attributes": {
            "certificate_arn": "arn:aws:acm:ap-south-1:228407934416:certificate/003b63bb-cf82-4570-9fb1-c6611a34d30b",
            "id": "2025-11-22 03:10:00.744 +0000 UTC",
            "timeouts": null,
            "validation_record_fqdns": [
              "_f1b16c90255d71c7ef3baefed2c2acf8.api.chimein.ink"
            ]
          },
          "sensitive_attributes": [],
          "identity_schema_version": 0,
          "private": "eyJlMmJmYjczMC1lY2FhLTExZTYtOGY4OC0zNDM2M2JjN2M0YzAiOnsiY3JlYXRlIjoyNzAwMDAwMDAwMDAwfX0=",
          "dependencies": [
            "aws_acm_certificate.dev_cert",
            "aws_route53_record.cert_validation_record",
            "data.aws_route53_zone.main"
          ]
        }
      ]
    },
    {
      "mode": "managed",
      "type": "aws_alb",
      "name": "application_load_balancer",
      "provider": "provider[\"registry.terraform.io/hashicorp/aws\"]",
      "instances": [
        {
          "schema_version": 0,
          "attributes": {
            "access_logs": [
              {
                "bucket": "",
                "enabled": false,
                "prefix": ""
              }
            ],
            "arn": "arn:aws:elasticloadbalancing:ap-south-1:228407934416:loadbalancer/app/chimein-server-main-alb/f2d8a35ab94ca94e",
            "arn_suffix": "app/chimein-server-main-alb/f2d8a35ab94ca94e",
            "customer_owned_ipv4_pool": "",
            "desync_mitigation_mode": "defensive",
            "dns_name": "chimein-server-main-alb-2122418529.ap-south-1.elb.amazonaws.com",
            "drop_invalid_header_fields": false,
            "enable_cross_zone_load_balancing": true,
            "enable_deletion_protection": false,
            "enable_http2": true,
            "enable_waf_fail_open": false,
            "id": "arn:aws:elasticloadbalancing:ap-south-1:228407934416:loadbalancer/app/chimein-server-main-alb/f2d8a35ab94ca94e",
            "idle_timeout": 300,
            "internal": false,
            "ip_address_type": "ipv4",
            "load_balancer_type": "application",
            "name": "chimein-server-main-alb",
            "name_prefix": null,
            "security_groups": [
              "sg-0e4366bc6d53a7380"
            ],
            "subnet_mapping": [
              {
                "allocation_id": "",
                "ipv6_address": "",
                "outpost_id": "",
                "private_ipv4_address": "",
                "subnet_id": "subnet-0443331a932308a5d"
              },
              {
                "allocation_id": "",
                "ipv6_address": "",
                "outpost_id": "",
                "private_ipv4_address": "",
                "subnet_id": "subnet-09a1e89ec718c82ca"
              }
            ],
            "subnets": [
              "subnet-0443331a932308a5d",
              "subnet-09a1e89ec718c82ca"
            ],
            "tags": {
              "Environment": "main",
              "ManagedBy": "Terraform",
              "Name": "chimein-server-main-ALB",
              "Owner": "Anubhav Hajela",
              "Project": "chimein-server"
            },
            "tags_all": {
              "Environment": "main",
              "ManagedBy": "Terraform",
              "Name": "chimein-server-main-ALB",
              "Owner": "Anubhav Hajela",
              "Project": "chimein-server"
            },
            "timeouts": null,
            "vpc_id": "vpc-044f2d564e357eef2",
            "zone_id": "ZP97RAFLXTNZK"
          },
          "sensitive_attributes": [],
          "identity_schema_version": 0,
          "private": "eyJlMmJmYjczMC1lY2FhLTExZTYtOGY4OC0zNDM2M2JjN2M0YzAiOnsiY3JlYXRlIjo2MDAwMDAwMDAwMDAsImRlbGV0ZSI6NjAwMDAwMDAwMDAwLCJ1cGRhdGUiOjYwMDAwMDAwMDAwMH19",
          "dependencies": [
            "aws_security_group.alb_sg",
            "aws_subnet.public_subnet_a",
            "aws_subnet.public_subnet_b",
            "aws_vpc.main"
          ]
        }
      ]
    },
    {
      "mode": "managed",
      "type": "aws_alb_listener",
      "name": "alb_http_listener",
      "provider": "provider[\"registry.terraform.io/hashicorp/aws\"]",
      "instances": [
        {
          "schema_version": 0,
          "attributes": {
            "alpn_policy": null,
            "arn": "arn:aws:elasticloadbalancing:ap-south-1:228407934416:listener/app/chimein-server-main-alb/f2d8a35ab94ca94e/8a0d511118ead797",
            "certificate_arn": null,
            "default_action": [
              {
                "authenticate_cognito": [],
                "authenticate_oidc": [],
                "fixed_response": [],
                "forward": [],
                "order": 1,
                "redirect": [
                  {
                    "host": "#{host}",
                    "path": "/#{path}",
                    "port": "443",
                    "protocol": "HTTPS",
                    "query": "#{query}",
                    "status_code": "HTTP_301"
                  }
                ],
                "target_group_arn": "",
                "type": "redirect"
              }
            ],
            "id": "arn:aws:elasticloadbalancing:ap-south-1:228407934416:listener/app/chimein-server-main-alb/f2d8a35ab94ca94e/8a0d511118ead797",
            "load_balancer_arn": "arn:aws:elasticloadbalancing:ap-south-1:228407934416:loadbalancer/app/chimein-server-main-alb/f2d8a35ab94ca94e",
            "port": 80,
            "protocol": "HTTP",
            "ssl_policy": "",
            "tags": null,
            "tags_all": {},
            "timeouts": null
          },
          "sensitive_attributes": [],
          "identity_schema_version": 0,
          "private": "eyJlMmJmYjczMC1lY2FhLTExZTYtOGY4OC0zNDM2M2JjN2M0YzAiOnsicmVhZCI6NjAwMDAwMDAwMDAwfX0=",
          "dependencies": [
            "aws_alb.application_load_balancer",
            "aws_security_group.alb_sg",
            "aws_subnet.public_subnet_a",
            "aws_subnet.public_subnet_b",
            "aws_vpc.main"
          ]
        }
      ]
    },
    {
      "mode": "managed",
      "type": "aws_alb_listener",
      "name": "alb_https_listener",
      "provider": "provider[\"registry.terraform.io/hashicorp/aws\"]",
      "instances": [
        {
          "schema_version": 0,
          "attributes": {
            "alpn_policy": null,
            "arn": "arn:aws:elasticloadbalancing:ap-south-1:228407934416:listener/app/chimein-server-main-alb/f2d8a35ab94ca94e/59b9b09651267081",
            "certificate_arn": "arn:aws:acm:ap-south-1:228407934416:certificate/003b63bb-cf82-4570-9fb1-c6611a34d30b",
            "default_action": [
              {
                "authenticate_cognito": [],
                "authenticate_oidc": [],
                "fixed_response": [],
                "forward": [],
                "order": 1,
                "redirect": [],
                "target_group_arn": "arn:aws:elasticloadbalancing:ap-south-1:228407934416:targetgroup/chimein-server-main-tg/feebe600008b9fd4",
                "type": "forward"
              }
            ],
            "id": "arn:aws:elasticloadbalancing:ap-south-1:228407934416:listener/app/chimein-server-main-alb/f2d8a35ab94ca94e/59b9b09651267081",
            "load_balancer_arn": "arn:aws:elasticloadbalancing:ap-south-1:228407934416:loadbalancer/app/chimein-server-main-alb/f2d8a35ab94ca94e",
            "port": 443,
            "protocol": "HTTPS",
            "ssl_policy": "ELBSecurityPolicy-2016-08",
            "tags": null,
            "tags_all": {},
            "timeouts": null
          },
          "sensitive_attributes": [],
          "identity_schema_version": 0,
          "private": "eyJlMmJmYjczMC1lY2FhLTExZTYtOGY4OC0zNDM2M2JjN2M0YzAiOnsicmVhZCI6NjAwMDAwMDAwMDAwfX0=",
          "dependencies": [
            "aws_acm_certificate.dev_cert",
            "aws_acm_certificate_validation.cert_validation",
            "aws_alb.application_load_balancer",
            "aws_alb_target_group.server_backend_tg",
            "aws_route53_record.cert_validation_record",
            "aws_security_group.alb_sg",
            "aws_subnet.public_subnet_a",
            "aws_subnet.public_subnet_b",
            "aws_vpc.main",
            "data.aws_route53_zone.main"
          ]
        }
      ]
    },
    {
      "mode": "managed",
      "type": "aws_alb_listener_rule",
      "name": "alb_http_listener_rule",
      "provider": "provider[\"registry.terraform.io/hashicorp/aws\"]",
      "instances": [
        {
          "schema_version": 0,
          "attributes": {
            "action": [
              {
                "authenticate_cognito": [],
                "authenticate_oidc": [],
                "fixed_response": [],
                "forward": [],
                "order": 1,
                "redirect": [],
                "target_group_arn": "arn:aws:elasticloadbalancing:ap-south-1:228407934416:targetgroup/chimein-server-main-tg/feebe600008b9fd4",
                "type": "forward"
              }
            ],
            "arn": "arn:aws:elasticloadbalancing:ap-south-1:228407934416:listener-rule/app/chimein-server-main-alb/f2d8a35ab94ca94e/8a0d511118ead797/2b3fe01795c1444d",
            "condition": [
              {
                "host_header": [],
                "http_header": [],
                "http_request_method": [],
                "path_pattern": [
                  {
                    "values": [
                      "/*"
                    ]
                  }
                ],
                "query_string": [],
                "source_ip": []
              }
            ],
            "id": "arn:aws:elasticloadbalancing:ap-south-1:228407934416:listener-rule/app/chimein-server-main-alb/f2d8a35ab94ca94e/8a0d511118ead797/2b3fe01795c1444d",
            "listener_arn": "arn:aws:elasticloadbalancing:ap-south-1:228407934416:listener/app/chimein-server-main-alb/f2d8a35ab94ca94e/8a0d511118ead797",
            "priority": 100,
            "tags": null,
            "tags_all": {}
          },
          "sensitive_attributes": [],
          "identity_schema_version": 0,
          "private": "bnVsbA==",
          "dependencies": [
            "aws_alb.application_load_balancer",
            "aws_alb_listener.alb_http_listener",
            "aws_alb_target_group.server_backend_tg",
            "aws_security_group.alb_sg",
            "aws_subnet.public_subnet_a",
            "aws_subnet.public_subnet_b",
            "aws_vpc.main"
          ]
        }
      ]
    },
    {
      "mode": "managed",
      "type": "aws_alb_target_group",
      "name": "server_backend_tg",
      "provider": "provider[\"registry.terraform.io/hashicorp/aws\"]",
      "instances": [
        {
          "schema_version": 0,
          "attributes": {
            "arn": "arn:aws:elasticloadbalancing:ap-south-1:228407934416:targetgroup/chimein-server-main-tg/feebe600008b9fd4",
            "arn_suffix": "targetgroup/chimein-server-main-tg/feebe600008b9fd4",
            "connection_termination": false,
            "deregistration_delay": "60",
            "health_check": [
              {
                "enabled": true,
                "healthy_threshold": 2,
                "interval": 30,
                "matcher": "200",
                "path": "/health",
                "port": "traffic-port",
                "protocol": "HTTP",
                "timeout": 29,
                "unhealthy_threshold": 10
              }
            ],
            "id": "arn:aws:elasticloadbalancing:ap-south-1:228407934416:targetgroup/chimein-server-main-tg/feebe600008b9fd4",
            "lambda_multi_value_headers_enabled": false,
            "load_balancing_algorithm_type": "round_robin",
            "name": "chimein-server-main-tg",
            "name_prefix": null,
            "port": 5000,
            "preserve_client_ip": null,
            "protocol": "HTTP",
            "protocol_version": "HTTP1",
            "proxy_protocol_v2": false,
            "slow_start": 0,
            "stickiness": [
              {
                "cookie_duration": 86400,
                "cookie_name": "session",
                "enabled": true,
                "type": "app_cookie"
              }
            ],
            "tags": {
              "Environment": "main",
              "ManagedBy": "Terraform",
              "Name": "chimein-server-main-tg",
              "Owner": "Anubhav Hajela",
              "Project": "chimein-server"
            },
            "tags_all": {
              "Environment": "main",
              "ManagedBy": "Terraform",
              "Name": "chimein-server-main-tg",
              "Owner": "Anubhav Hajela",
              "Project": "chimein-server"
            },
            "target_type": "instance",
            "vpc_id": "vpc-044f2d564e357eef2"
          },
          "sensitive_attributes": [],
          "identity_schema_version": 0,
          "private": "bnVsbA==",
          "dependencies": [
            "aws_vpc.main"
          ],
          "create_before_destroy": true
        }
      ]
    },
    {
      "mode": "managed",
      "type": "aws_codedeploy_app",
      "name": "code_deploy_app",
      "provider": "provider[\"registry.terraform.io/hashicorp/aws\"]",
      "instances": [
        {
          "schema_version": 0,
          "attributes": {
            "application_id": "fe7216fe-f6ea-439f-8181-f44367e12fb4",
            "arn": "arn:aws:codedeploy:ap-south-1:228407934416:application:chimein-server-main-app",
            "compute_platform": "Server",
            "github_account_name": "",
            "id": "fe7216fe-f6ea-439f-8181-f44367e12fb4:chimein-server-main-app",
            "linked_to_github": false,
            "name": "chimein-server-main-app",
            "tags": null,
            "tags_all": {}
          },
          "sensitive_attributes": [],
          "identity_schema_version": 0,
          "private": "bnVsbA=="
        }
      ]
    },
    {
      "mode": "managed",
      "type": "aws_eip",
      "name": "elastic_ip",
      "provider": "provider[\"registry.terraform.io/hashicorp/aws\"]",
      "instances": [
        {
          "schema_version": 0,
          "attributes": {
            "address": null,
            "allocation_id": "eipalloc-01b56fe8eaac79201",
            "associate_with_private_ip": null,
            "association_id": "",
            "carrier_ip": "",
            "customer_owned_ip": "",
            "customer_owned_ipv4_pool": "",
            "domain": "vpc",
            "id": "eipalloc-01b56fe8eaac79201",
            "instance": "",
            "network_border_group": "ap-south-1",
            "network_interface": "",
            "private_dns": null,
            "private_ip": "",
            "public_dns": "ec2-15-207-26-158.ap-south-1.compute.amazonaws.com",
            "public_ip": "15.207.26.158",
            "public_ipv4_pool": "amazon",
            "tags": {
              "Environment": "main",
              "ManagedBy": "Terraform",
              "Name": "chimein-server-main-eip",
              "Owner": "Anubhav Hajela",
              "Project": "chimein-server"
            },
            "tags_all": {
              "Environment": "main",
              "ManagedBy": "Terraform",
              "Name": "chimein-server-main-eip",
              "Owner": "Anubhav Hajela",
              "Project": "chimein-server"
            },
            "timeouts": null,
            "vpc": true
          },
          "sensitive_attributes": [],
          "identity_schema_version": 0,
          "private": "eyJlMmJmYjczMC1lY2FhLTExZTYtOGY4OC0zNDM2M2JjN2M0YzAiOnsiZGVsZXRlIjoxODAwMDAwMDAwMDAsInJlYWQiOjkwMDAwMDAwMDAwMCwidXBkYXRlIjozMDAwMDAwMDAwMDB9fQ==",
          "dependencies": [
            "aws_internet_gateway.main_igw",
            "aws_vpc.main"
          ]
        }
      ]
    },
    {
      "mode": "managed",
      "type": "aws_elasticache_subnet_group",
      "name": "elasticache_subnet_group",
      "provider": "provider[\"registry.terraform.io/hashicorp/aws\"]",
      "instances": [
        {
          "schema_version": 0,
          "attributes": {
            "arn": "arn:aws:elasticache:ap-south-1:228407934416:subnetgroup:chimein-server-main-subnet-elasticache-group",
            "description": "Managed by Terraform",
            "id": "chimein-server-main-subnet-elasticache-group",
            "name": "chimein-server-main-subnet-elasticache-group",
            "subnet_ids": [
              "subnet-0426c8ebf33ac0082",
              "subnet-085121e9516f66147"
            ],
            "tags": null,
            "tags_all": {}
          },
          "sensitive_attributes": [],
          "identity_schema_version": 0,
          "private": "bnVsbA==",
          "dependencies": [
            "aws_subnet.private_subnet_a",
            "aws_subnet.private_subnet_b",
            "aws_vpc.main"
          ],
          "create_before_destroy": true
        }
      ]
    },
    {
      "mode": "managed",
      "type": "aws_iam_instance_profile",
      "name": "ec2_instance_profile",
      "provider": "provider[\"registry.terraform.io/hashicorp/aws\"]",
      "instances": [
        {
          "schema_version": 0,
          "attributes": {
            "arn": "arn:aws:iam::228407934416:instance-profile/chimein-server-ec2-instance-profile",
            "create_date": "2025-11-22T03:09:41Z",
            "id": "chimein-server-ec2-instance-profile",
            "name": "chimein-server-ec2-instance-profile",
            "name_prefix": null,
            "path": "/",
            "role": "chimein-server-ec2-role",
            "tags": null,
            "tags_all": {},
            "unique_id": "AIPATKLRMPXIGZ7OMLZTJ"
          },
          "sensitive_attributes": [],
          "identity_schema_version": 0,
          "private": "bnVsbA==",
          "dependencies": [
            "aws_iam_role.ec2_iam_role"
          ],
          "create_before_destroy": true
        }
      ]
    },
    {
      "mode": "managed",
      "type": "aws_iam_role",
      "name": "code_deploy_iam_role",
      "provider": "provider[\"registry.terraform.io/hashicorp/aws\"]",
      "instances": [
        {
          "schema_version": 0,
          "attributes": {
            "arn": "arn:aws:iam::228407934416:role/chimein-server-codedeploy-role",
            "assume_role_policy": "{\"Version\":\"2012-10-17\",\"Statement\":[{\"Effect\":\"Allow\",\"Principal\":{\"Service\":\"codedeploy.amazonaws.com\"},\"Action\":\"sts:AssumeRole\"}]}",
            "create_date": "2025-11-22T03:09:41Z",
            "description": "",
            "force_detach_policies": false,
            "id": "chimein-server-codedeploy-role",
            "inline_policy": [
              {
                "name": "",
                "policy": ""
              }
            ],
            "managed_policy_arns": [],
            "max_session_duration": 3600,
            "name": "chimein-server-codedeploy-role",
            "name_prefix": "",
            "path": "/",
            "permissions_boundary": null,
            "tags": null,
            "tags_all": {},
            "unique_id": "AROATKLRMPXIMMMO7YCHG"
          },
          "sensitive_attributes": [],
          "identity_schema_version": 0,
          "private": "bnVsbA=="
        }
      ]
    },
    {
      "mode": "managed",
      "type": "aws_iam_role",
      "name": "ec2_iam_role",
      "provider": "provider[\"registry.terraform.io/hashicorp/aws\"]",
      "instances": [
        {
          "schema_version": 0,
          "attributes": {
            "arn": "arn:aws:iam::228407934416:role/chimein-server-ec2-role",
            "assume_role_policy": "{\"Version\":\"2012-10-17\",\"Statement\":[{\"Effect\":\"Allow\",\"Principal\":{\"Service\":[\"application-autoscaling.amazonaws.com\",\"ec2.amazonaws.com\"]},\"Action\":\"sts:AssumeRole\"}]}",
            "create_date": "2025-11-22T03:09:41Z",
            "description": "",
            "force_detach_policies": false,
            "id": "chimein-server-ec2-role",
            "inline_policy": [
              {
                "name": "",
                "policy": ""
              }
            ],
            "managed_policy_arns": [],
            "max_session_duration": 3600,
            "name": "chimein-server-ec2-role",
            "name_prefix": "",
            "path": "/",
            "permissions_boundary": null,
            "tags": null,
            "tags_all": {},
            "unique_id": "AROATKLRMPXIOPDO43J5Q"
          },
          "sensitive_attributes": [],
          "identity_schema_version": 0,
          "private": "bnVsbA==",
          "create_before_destroy": true
        }
      ]
    },
    {
      "mode": "managed",
      "type": "aws_iam_role_policy",
      "name": "codedeploy_extra_policy",
      "provider": "provider[\"registry.terraform.io/hashicorp/aws\"]",
      "instances": [
        {
          "schema_version": 0,
          "attributes": {
            "id": "chimein-server-codedeploy-role:CodeDeploy-Extra-Permissions",
            "name": "CodeDeploy-Extra-Permissions",
            "name_prefix": null,
            "policy": "{\"Statement\":[{\"Action\":[\"iam:PassRole\",\"ec2:RunInstances\"],\"Effect\":\"Allow\",\"Resource\":\"*\"}],\"Version\":\"2012-10-17\"}",
            "role": "chimein-server-codedeploy-role"
          },
          "sensitive_attributes": [],
          "identity_schema_version": 0,
          "private": "bnVsbA==",
          "dependencies": [
            "aws_iam_role.code_deploy_iam_role"
          ]
        }
      ]
    },
    {
      "mode": "managed",
      "type": "aws_iam_role_policy",
      "name": "ec2_iam_role_policy",
      "provider": "provider[\"registry.terraform.io/hashicorp/aws\"]",
      "instances": [
        {
          "schema_version": 0,
          "attributes": {
            "id": "chimein-server-ec2-role:chimein-server-ec2-role-policy",
            "name": "chimein-server-ec2-role-policy",
            "name_prefix": null,
            "policy": "{\n  \"Version\" : \"2012-10-17\",\n  \"Statement\" : [\n    {\n      \"Effect\": \"Allow\",\n      \"Action\": [\n        \"ec2:*\",\n        \"s3:*\",\n        \"elasticloadbalancing:*\",\n        \"cloudwatch:*\",\n        \"logs:*\",\n        \"autoscaling:*\",\n        \"sns:Publish\",\n        \"tag:GetResources\"\n      ],\n      \"Resource\": \"*\"\n    }\n  ]\n}\n",
            "role": "chimein-server-ec2-role"
          },
          "sensitive_attributes": [],
          "identity_schema_version": 0,
          "private": "bnVsbA==",
          "dependencies": [
            "aws_iam_role.ec2_iam_role"
          ]
        }
      ]
    },
    {
      "mode": "managed",
      "type": "aws_iam_role_policy_attachment",
      "name": "AWSCodeDeployRole",
      "provider": "provider[\"registry.terraform.io/hashicorp/aws\"]",
      "instances": [
        {
          "schema_version": 0,
          "attributes": {
            "id": "chimein-server-codedeploy-role-20251122030942055400000002",
            "policy_arn": "arn:aws:iam::aws:policy/service-role/AWSCodeDeployRole",
            "role": "chimein-server-codedeploy-role"
          },
          "sensitive_attributes": [],
          "identity_schema_version": 0,
          "private": "bnVsbA==",
          "dependencies": [
            "aws_iam_role.code_deploy_iam_role"
          ]
        }
      ]
    },
    {
      "mode": "managed",
      "type": "aws_instance",
      "name": "bastion_host",
      "provider": "provider[\"registry.terraform.io/hashicorp/aws\"]",
      "instances": [
        {
          "schema_version": 1,
          "attributes": {
            "ami": "ami-09796aa7c278007bb",
            "arn": "arn:aws:ec2:ap-south-1:228407934416:instance/i-00a9e19813aa5fe2c",
            "associate_public_ip_address": true,
            "availability_zone": "ap-south-1a",
            "capacity_reservation_specification": [
              {
                "capacity_reservation_preference": "open",
                "capacity_reservation_target": []
              }
            ],
            "cpu_core_count": 1,
            "cpu_threads_per_core": 1,
            "credit_specification": [
              {
                "cpu_credits": "standard"
              }
            ],
            "disable_api_termination": false,
            "ebs_block_device": [],
            "ebs_optimized": false,
            "enclave_options": [
              {
                "enabled": false
              }
            ],
            "ephemeral_block_device": [],
            "get_password_data": false,
            "hibernation": false,
            "host_id": null,
            "iam_instance_profile": "",
            "id": "i-00a9e19813aa5fe2c",
            "instance_initiated_shutdown_behavior": "stop",
            "instance_state": "running",
            "instance_type": "t2.micro",
            "ipv6_address_count": 0,
            "ipv6_addresses": [],
            "key_name": "chimeinEC2KeyPair",
            "launch_template": [],
            "metadata_options": [
              {
                "http_endpoint": "enabled",
                "http_put_response_hop_limit": 2,
                "http_tokens": "required",
                "instance_metadata_tags": "disabled"
              }
            ],
            "monitoring": false,
            "network_interface": [],
            "outpost_arn": "",
            "password_data": "",
            "placement_group": "",
            "placement_partition_number": null,
            "primary_network_interface_id": "eni-06e65a14d1c4c0af6",
            "private_dns": "ip-10-0-1-170.ap-south-1.compute.internal",
            "private_ip": "10.0.1.170",
            "public_dns": "ec2-13-233-223-86.ap-south-1.compute.amazonaws.com",
            "public_ip": "13.233.223.86",
            "root_block_device": [
              {
                "delete_on_termination": true,
                "device_name": "/dev/xvda",
                "encrypted": false,
                "iops": 3000,
                "kms_key_id": "",
                "tags": null,
                "throughput": 125,
                "volume_id": "vol-04a73928ac5fa8665",
                "volume_size": 2,
                "volume_type": "gp3"
              }
            ],
            "secondary_private_ips": [],
            "security_groups": [],
            "source_dest_check": true,
            "subnet_id": "subnet-09a1e89ec718c82ca",
            "tags": {
              "Environment": "main",
              "ManagedBy": "Terraform",
              "Name": "chimein-server-main-bastion-host",
              "Owner": "Anubhav Hajela",
              "Project": "chimein-server"
            },
            "tags_all": {
              "Environment": "main",
              "ManagedBy": "Terraform",
              "Name": "chimein-server-main-bastion-host",
              "Owner": "Anubhav Hajela",
              "Project": "chimein-server"
            },
            "tenancy": "default",
            "timeouts": null,
            "user_data": null,
            "user_data_base64": null,
            "volume_tags": null,
            "vpc_security_group_ids": [
              "sg-0907e4ebae04cfa4a"
            ]
          },
          "sensitive_attributes": [
            [
              {
                "type": "get_attr",
                "value": "ami"
              }
            ]
          ],
          "identity_schema_version": 0,
          "private": "eyJlMmJmYjczMC1lY2FhLTExZTYtOGY4OC0zNDM2M2JjN2M0YzAiOnsiY3JlYXRlIjo2MDAwMDAwMDAwMDAsImRlbGV0ZSI6MTIwMDAwMDAwMDAwMCwidXBkYXRlIjo2MDAwMDAwMDAwMDB9LCJzY2hlbWFfdmVyc2lvbiI6IjEifQ==",
          "dependencies": [
            "aws_security_group.bastion_host_sg",
            "aws_subnet.public_subnet_a",
            "aws_vpc.main",
            "data.aws_ssm_parameter.al2023_minimal"
          ]
        }
      ]
    },
    {
      "mode": "managed",
      "type": "aws_internet_gateway",
      "name": "main_igw",
      "provider": "provider[\"registry.terraform.io/hashicorp/aws\"]",
      "instances": [
        {
          "schema_version": 0,
          "attributes": {
            "arn": "arn:aws:ec2:ap-south-1:228407934416:internet-gateway/igw-08d16658ae0cb414c",
            "id": "igw-08d16658ae0cb414c",
            "owner_id": "228407934416",
            "tags": {
              "Environment": "main",
              "ManagedBy": "Terraform",
              "Name": "chimein-server-main-vpc-igw",
              "Owner": "Anubhav Hajela",
              "Project": "chimein-server"
            },
            "tags_all": {
              "Environment": "main",
              "ManagedBy": "Terraform",
              "Name": "chimein-server-main-vpc-igw",
              "Owner": "Anubhav Hajela",
              "Project": "chimein-server"
            },
            "vpc_id": "vpc-044f2d564e357eef2"
          },
          "sensitive_attributes": [],
          "identity_schema_version": 0,
          "private": "bnVsbA==",
          "dependencies": [
            "aws_vpc.main"
          ]
        }
      ]
    },
    {
      "mode": "managed",
      "type": "aws_launch_template",
      "name": "asg_launch_configuration",
      "provider": "provider[\"registry.terraform.io/hashicorp/aws\"]",
      "instances": [
        {
          "schema_version": 0,
          "attributes": {
            "arn": "arn:aws:ec2:ap-south-1:228407934416:launch-template/lt-0d1a90a4382cd3146",
            "block_device_mappings": [
              {
                "device_name": "/dev/xvda",
                "ebs": [
                  {
                    "delete_on_termination": "true",
                    "encrypted": "",
                    "iops": 0,
                    "kms_key_id": "",
                    "snapshot_id": "",
                    "throughput": 0,
                    "volume_size": 30,
                    "volume_type": "gp3"
                  }
                ],
                "no_device": "",
                "virtual_name": ""
              }
            ],
            "capacity_reservation_specification": [],
            "cpu_options": [],
            "credit_specification": [],
            "default_version": 1,
            "description": "",
            "disable_api_termination": false,
            "ebs_optimized": "",
            "elastic_gpu_specifications": [],
            "elastic_inference_accelerator": [],
            "enclave_options": [],
            "hibernation_options": [],
            "iam_instance_profile": [
              {
                "arn": "",
                "name": "chimein-server-ec2-instance-profile"
              }
            ],
            "id": "lt-0d1a90a4382cd3146",
            "image_id": "ami-02d05f76acbed4e3e",
            "instance_initiated_shutdown_behavior": "",
            "instance_market_options": [],
            "instance_type": "t2.small",
            "kernel_id": "",
            "key_name": "chimeinEC2KeyPair",
            "latest_version": 1,
            "license_specification": [],
            "metadata_options": [
              {
                "http_endpoint": "enabled",
                "http_protocol_ipv6": "disabled",
                "http_put_response_hop_limit": 2,
                "http_tokens": "optional",
                "instance_metadata_tags": "disabled"
              }
            ],
            "monitoring": [],
            "name": "chimein-server-main-launch-config",
            "name_prefix": "",
            "network_interfaces": [
              {
                "associate_carrier_ip_address": "",
                "associate_public_ip_address": "false",
                "delete_on_termination": "",
                "description": "",
                "device_index": 0,
                "interface_type": "",
                "ipv4_address_count": 0,
                "ipv4_addresses": null,
                "ipv6_address_count": 0,
                "ipv6_addresses": null,
                "network_card_index": 0,
                "network_interface_id": "",
                "private_ip_address": "",
                "security_groups": [
                  "sg-065f94186794313b0"
                ],
                "subnet_id": ""
              }
            ],
            "placement": [],
            "ram_disk_id": "",
            "security_group_names": null,
            "tag_specifications": [],
            "tags": null,
            "tags_all": {},
            "update_default_version": null,
            "user_data": "IyEvdXNyL2Jpbi9lbnYgYmFzaApmdW5jdGlvbiBwcm9ncmFtX2lzX2luc3RhbGxlZCB7CiAgbG9jYWwgcmV0dXJuXz0xCgogIHR5cGUgJDEgPi9kZXYvbnVsbCAyPiYxIHx8IHsgbG9jYWwgcmV0dXJuXz0wOyB9CiAgZWNobyAiJHJldHVybl8iCn0KCnN1ZG8gZG5mIHVwZGF0ZSAteQpzdWRvIGRuZiBpbnN0YWxsIC15IHJ1Ynkgd2dldAoKY2QgL2hvbWUvZWMyLXVzZXIKCndnZXQgaHR0cHM6Ly9hd3MtY29kZWRlcGxveS1hcC1zb3V0aC0xLnMzLmFwLXNvdXRoLTEuYW1hem9uYXdzLmNvbS9sYXRlc3QvaW5zdGFsbApzdWRvIGNobW9kICt4IC4vaW5zdGFsbApzdWRvIC4vaW5zdGFsbCBhdXRvCgppZiBbICQocHJvZ3JhbV9pc19pbnN0YWxsZWQgbm9kZSkgPT0gMCBdOyB0aGVuCiAgY3VybCAtZnNTTCBodHRwczovL3JwbS5ub2Rlc291cmNlLmNvbS9zZXR1cF8yMi54IHwgc3VkbyBiYXNoIC0KICBzdWRvIGRuZiBpbnN0YWxsIC15IG5vZGVqcwpmaQoKaWYgWyAkKHByb2dyYW1faXNfaW5zdGFsbGVkIHBtMikgPT0gMCBdOyB0aGVuCiAgc3VkbyBucG0gaW5zdGFsbCAtZyBwbTIKZmkKCmlmIFsgJChwcm9ncmFtX2lzX2luc3RhbGxlZCBnaXQpID09IDAgXTsgdGhlbgogIHN1ZG8gZG5mIGluc3RhbGwgZ2l0IC15CmZpCgppZiBbICQocHJvZ3JhbV9pc19pbnN0YWxsZWQgemlwKSA9PSAwIF07IHRoZW4KICBzdWRvIGRuZiBpbnN0YWxsIHppcCAteQpmaQoKY2QgL2hvbWUvZWMyLXVzZXIKCmdpdCBjbG9uZSAtYiBtYWluIGh0dHBzOi8vZ2l0aHViLmNvbS83YW51YmhhdjcvY2hpbWVpbi1iYWNrZW5kLmdpdAoKY2QgY2hpbWVpbi1iYWNrZW5kCm5wbSBpbnN0YWxsCmF3cyBzMyBzeW5jIHMzOi8vY2hpbWVpbi1idWNrZXQvYmFja2VuZC9wcm9kdWN0aW9uIC4KdW56aXAgZW52LWZpbGUuemlwCmNwIC5lbnYucHJvZHVjdGlvbiAuZW52Cm5wbSBydW4gYnVpbGQKbnBtIHJ1biBzdGFydAo=",
            "vpc_security_group_ids": null
          },
          "sensitive_attributes": [],
          "identity_schema_version": 0,
          "private": "bnVsbA==",
          "dependencies": [
            "aws_iam_instance_profile.ec2_instance_profile",
            "aws_iam_role.ec2_iam_role",
            "aws_security_group.alb_sg",
            "aws_security_group.autoscaling_group_sg",
            "aws_security_group.bastion_host_sg",
            "aws_vpc.main",
            "data.aws_ami.ec2_ami"
          ],
          "create_before_destroy": true
        }
      ]
    },
    {
      "mode": "managed",
      "type": "aws_nat_gateway",
      "name": "nat_gateway",
      "provider": "provider[\"registry.terraform.io/hashicorp/aws\"]",
      "instances": [
        {
          "schema_version": 0,
          "attributes": {
            "allocation_id": "eipalloc-01b56fe8eaac79201",
            "connectivity_type": "public",
            "id": "nat-04aeaa6bbc0a7c0e9",
            "network_interface_id": "eni-0780e6ac3fe433c77",
            "private_ip": "10.0.1.190",
            "public_ip": "15.207.26.158",
            "subnet_id": "subnet-09a1e89ec718c82ca",
            "tags": {
              "Environment": "main",
              "ManagedBy": "Terraform",
              "Name": "chimein-server-main-nat-gw",
              "Owner": "Anubhav Hajela",
              "Project": "chimein-server"
            },
            "tags_all": {
              "Environment": "main",
              "ManagedBy": "Terraform",
              "Name": "chimein-server-main-nat-gw",
              "Owner": "Anubhav Hajela",
              "Project": "chimein-server"
            }
          },
          "sensitive_attributes": [],
          "identity_schema_version": 0,
          "private": "bnVsbA==",
          "dependencies": [
            "aws_eip.elastic_ip",
            "aws_internet_gateway.main_igw",
            "aws_subnet.public_subnet_a",
            "aws_vpc.main"
          ]
        }
      ]
    },
    {
      "mode": "managed",
      "type": "aws_route",
      "name": "private_nat_gw_route",
      "provider": "provider[\"registry.terraform.io/hashicorp/aws\"]",
      "instances": [
        {
          "schema_version": 0,
          "attributes": {
            "carrier_gateway_id": "",
            "destination_cidr_block": "0.0.0.0/0",
            "destination_ipv6_cidr_block": "",
            "destination_prefix_list_id": "",
            "egress_only_gateway_id": "",
            "gateway_id": "",
            "id": "r-rtb-04782ee8c641773b61080289494",
            "instance_id": "",
            "instance_owner_id": "",
            "local_gateway_id": "",
            "nat_gateway_id": "nat-04aeaa6bbc0a7c0e9",
            "network_interface_id": "",
            "origin": "CreateRoute",
            "route_table_id": "rtb-04782ee8c641773b6",
            "state": "active",
            "timeouts": null,
            "transit_gateway_id": "",
            "vpc_endpoint_id": "",
            "vpc_peering_connection_id": ""
          },
          "sensitive_attributes": [],
          "identity_schema_version": 0,
          "private": "eyJlMmJmYjczMC1lY2FhLTExZTYtOGY4OC0zNDM2M2JjN2M0YzAiOnsiY3JlYXRlIjozMDAwMDAwMDAwMDAsImRlbGV0ZSI6MzAwMDAwMDAwMDAwLCJ1cGRhdGUiOjEyMDAwMDAwMDAwMH19",
          "dependencies": [
            "aws_eip.elastic_ip",
            "aws_internet_gateway.main_igw",
            "aws_nat_gateway.nat_gateway",
            "aws_route_table.private_route_table",
            "aws_subnet.public_subnet_a",
            "aws_vpc.main"
          ]
        }
      ]
    },
    {
      "mode": "managed",
      "type": "aws_route",
      "name": "public_igw_route",
      "provider": "provider[\"registry.terraform.io/hashicorp/aws\"]",
      "instances": [
        {
          "schema_version": 0,
          "attributes": {
            "carrier_gateway_id": "",
            "destination_cidr_block": "0.0.0.0/0",
            "destination_ipv6_cidr_block": "",
            "destination_prefix_list_id": "",
            "egress_only_gateway_id": "",
            "gateway_id": "igw-08d16658ae0cb414c",
            "id": "r-rtb-0fc007f2350da849b1080289494",
            "instance_id": "",
            "instance_owner_id": "",
            "local_gateway_id": "",
            "nat_gateway_id": "",
            "network_interface_id": "",
            "origin": "CreateRoute",
            "route_table_id": "rtb-0fc007f2350da849b",
            "state": "active",
            "timeouts": null,
            "transit_gateway_id": "",
            "vpc_endpoint_id": "",
            "vpc_peering_connection_id": ""
          },
          "sensitive_attributes": [],
          "identity_schema_version": 0,
          "private": "eyJlMmJmYjczMC1lY2FhLTExZTYtOGY4OC0zNDM2M2JjN2M0YzAiOnsiY3JlYXRlIjozMDAwMDAwMDAwMDAsImRlbGV0ZSI6MzAwMDAwMDAwMDAwLCJ1cGRhdGUiOjEyMDAwMDAwMDAwMH19",
          "dependencies": [
            "aws_internet_gateway.main_igw",
            "aws_route_table.public_route_table",
            "aws_vpc.main"
          ]
        }
      ]
    },
    {
      "mode": "managed",
      "type": "aws_route53_record",
      "name": "alb_dns_record",
      "provider": "provider[\"registry.terraform.io/hashicorp/aws\"]",
      "instances": [
        {
          "schema_version": 2,
          "attributes": {
            "alias": [
              {
                "evaluate_target_health": false,
                "name": "chimein-server-main-alb-2122418529.ap-south-1.elb.amazonaws.com",
                "zone_id": "ZP97RAFLXTNZK"
              }
            ],
            "allow_overwrite": null,
            "failover_routing_policy": [],
            "fqdn": "api.chimein.ink",
            "geolocation_routing_policy": [],
            "health_check_id": null,
            "id": "Z0790892C0U4BHUHWBDT_api.chimein.ink_A",
            "latency_routing_policy": [],
            "multivalue_answer_routing_policy": null,
            "name": "api.chimein.ink",
            "records": null,
            "set_identifier": null,
            "ttl": null,
            "type": "A",
            "weighted_routing_policy": [],
            "zone_id": "Z0790892C0U4BHUHWBDT"
          },
          "sensitive_attributes": [],
          "identity_schema_version": 0,
          "private": "eyJzY2hlbWFfdmVyc2lvbiI6IjIifQ==",
          "dependencies": [
            "aws_alb.application_load_balancer",
            "aws_security_group.alb_sg",
            "aws_subnet.public_subnet_a",
            "aws_subnet.public_subnet_b",
            "aws_vpc.main",
            "data.aws_route53_zone.main"
          ]
        }
      ]
    },
    {
      "mode": "managed",
      "type": "aws_route53_record",
      "name": "cert_validation_record",
      "provider": "provider[\"registry.terraform.io/hashicorp/aws\"]",
      "instances": [
        {
          "schema_version": 2,
          "attributes": {
            "alias": [],
            "allow_overwrite": false,
            "failover_routing_policy": [],
            "fqdn": "_f1b16c90255d71c7ef3baefed2c2acf8.api.chimein.ink",
            "geolocation_routing_policy": [],
            "health_check_id": null,
            "id": "Z0790892C0U4BHUHWBDT__f1b16c90255d71c7ef3baefed2c2acf8.api.chimein.ink._CNAME",
            "latency_routing_policy": [],
            "multivalue_answer_routing_policy": null,
            "name": "_f1b16c90255d71c7ef3baefed2c2acf8.api.chimein.ink",
            "records": [
              "_777b44032d2806d51847da55fd6f7940.jkddzztszm.acm-validations.aws."
            ],
            "set_identifier": null,
            "ttl": 60,
            "type": "CNAME",
            "weighted_routing_policy": [],
            "zone_id": "Z0790892C0U4BHUHWBDT"
          },
          "sensitive_attributes": [],
          "identity_schema_version": 0,
          "private": "eyJzY2hlbWFfdmVyc2lvbiI6IjIifQ==",
          "dependencies": [
            "aws_acm_certificate.dev_cert",
            "data.aws_route53_zone.main"
          ]
        }
      ]
    },
    {
      "mode": "managed",
      "type": "aws_route_table",
      "name": "private_route_table",
      "provider": "provider[\"registry.terraform.io/hashicorp/aws\"]",
      "instances": [
        {
          "schema_version": 0,
          "attributes": {
            "arn": "arn:aws:ec2:ap-south-1:228407934416:route-table/rtb-04782ee8c641773b6",
            "id": "rtb-04782ee8c641773b6",
            "owner_id": "228407934416",
            "propagating_vgws": [],
            "route": [],
            "tags": {
              "Environment": "main",
              "ManagedBy": "Terraform",
              "Name": "chimein-server-main-private-RT",
              "Owner": "Anubhav Hajela",
              "Project": "chimein-server"
            },
            "tags_all": {
              "Environment": "main",
              "ManagedBy": "Terraform",
              "Name": "chimein-server-main-private-RT",
              "Owner": "Anubhav Hajela",
              "Project": "chimein-server"
            },
            "timeouts": null,
            "vpc_id": "vpc-044f2d564e357eef2"
          },
          "sensitive_attributes": [],
          "identity_schema_version": 0,
          "private": "eyJlMmJmYjczMC1lY2FhLTExZTYtOGY4OC0zNDM2M2JjN2M0YzAiOnsiY3JlYXRlIjozMDAwMDAwMDAwMDAsImRlbGV0ZSI6MzAwMDAwMDAwMDAwLCJ1cGRhdGUiOjEyMDAwMDAwMDAwMH19",
          "dependencies": [
            "aws_vpc.main"
          ]
        }
      ]
    },
    {
      "mode": "managed",
      "type": "aws_route_table",
      "name": "public_route_table",
      "provider": "provider[\"registry.terraform.io/hashicorp/aws\"]",
      "instances": [
        {
          "schema_version": 0,
          "attributes": {
            "arn": "arn:aws:ec2:ap-south-1:228407934416:route-table/rtb-0fc007f2350da849b",
            "id": "rtb-0fc007f2350da849b",
            "owner_id": "228407934416",
            "propagating_vgws": [],
            "route": [],
            "tags": {
              "Environment": "main",
              "ManagedBy": "Terraform",
              "Name": "chimein-server-main-public-RT",
              "Owner": "Anubhav Hajela",
              "Project": "chimein-server"
            },
            "tags_all": {
              "Environment": "main",
              "ManagedBy": "Terraform",
              "Name": "chimein-server-main-public-RT",
              "Owner": "Anubhav Hajela",
              "Project": "chimein-server"
            },
            "timeouts": null,
            "vpc_id": "vpc-044f2d564e357eef2"
          },
          "sensitive_attributes": [],
          "identity_schema_version": 0,
          "private": "eyJlMmJmYjczMC1lY2FhLTExZTYtOGY4OC0zNDM2M2JjN2M0YzAiOnsiY3JlYXRlIjozMDAwMDAwMDAwMDAsImRlbGV0ZSI6MzAwMDAwMDAwMDAwLCJ1cGRhdGUiOjEyMDAwMDAwMDAwMH19",
          "dependencies": [
            "aws_vpc.main"
          ]
        }
      ]
    },
    {
      "mode": "managed",
      "type": "aws_route_table_association",
      "name": "private_subnet_1_association",
      "provider": "provider[\"registry.terraform.io/hashicorp/aws\"]",
      "instances": [
        {
          "schema_version": 0,
          "attributes": {
            "gateway_id": "",
            "id": "rtbassoc-0d5180402dfde768e",
            "route_table_id": "rtb-04782ee8c641773b6",
            "subnet_id": "subnet-0426c8ebf33ac0082"
          },
          "sensitive_attributes": [],
          "identity_schema_version": 0,
          "private": "bnVsbA==",
          "dependencies": [
            "aws_route_table.private_route_table",
            "aws_subnet.private_subnet_a",
            "aws_vpc.main"
          ]
        }
      ]
    },
    {
      "mode": "managed",
      "type": "aws_route_table_association",
      "name": "private_subnet_2_association",
      "provider": "provider[\"registry.terraform.io/hashicorp/aws\"]",
      "instances": [
        {
          "schema_version": 0,
          "attributes": {
            "gateway_id": "",
            "id": "rtbassoc-06a5db869d7b391fb",
            "route_table_id": "rtb-04782ee8c641773b6",
            "subnet_id": "subnet-085121e9516f66147"
          },
          "sensitive_attributes": [],
          "identity_schema_version": 0,
          "private": "bnVsbA==",
          "dependencies": [
            "aws_route_table.private_route_table",
            "aws_subnet.private_subnet_b",
            "aws_vpc.main"
          ]
        }
      ]
    },
    {
      "mode": "managed",
      "type": "aws_route_table_association",
      "name": "public_subnet_1_association",
      "provider": "provider[\"registry.terraform.io/hashicorp/aws\"]",
      "instances": [
        {
          "schema_version": 0,
          "attributes": {
            "gateway_id": "",
            "id": "rtbassoc-09a0cada5e748c184",
            "route_table_id": "rtb-0fc007f2350da849b",
            "subnet_id": "subnet-09a1e89ec718c82ca"
          },
          "sensitive_attributes": [],
          "identity_schema_version": 0,
          "private": "bnVsbA==",
          "dependencies": [
            "aws_route_table.public_route_table",
            "aws_subnet.public_subnet_a",
            "aws_vpc.main"
          ]
        }
      ]
    },
    {
      "mode": "managed",
      "type": "aws_route_table_association",
      "name": "public_subnet_2_association",
      "provider": "provider[\"registry.terraform.io/hashicorp/aws\"]",
      "instances": [
        {
          "schema_version": 0,
          "attributes": {
            "gateway_id": "",
            "id": "rtbassoc-07966204d54129b9f",
            "route_table_id": "rtb-0fc007f2350da849b",
            "subnet_id": "subnet-0443331a932308a5d"
          },
          "sensitive_attributes": [],
          "identity_schema_version": 0,
          "private": "bnVsbA==",
          "dependencies": [
            "aws_route_table.public_route_table",
            "aws_subnet.public_subnet_b",
            "aws_vpc.main"
          ]
        }
      ]
    },
    {
      "mode": "managed",
      "type": "aws_s3_bucket",
      "name": "code_deploy_backend_bucket",
      "provider": "provider[\"registry.terraform.io/hashicorp/aws\"]",
      "instances": [
        {
          "schema_version": 0,
          "attributes": {
            "acceleration_status": "",
            "acl": "private",
            "arn": "arn:aws:s3:::chimein-server-main-app",
            "bucket": "chimein-server-main-app",
            "bucket_domain_name": "chimein-server-main-app.s3.amazonaws.com",
            "bucket_prefix": null,
            "bucket_regional_domain_name": "chimein-server-main-app.s3.ap-south-1.amazonaws.com",
            "cors_rule": [],
            "force_destroy": true,
            "grant": [],
            "hosted_zone_id": "Z11RGJOFQNVJUP",
            "id": "chimein-server-main-app",
            "lifecycle_rule": [],
            "logging": [],
            "object_lock_configuration": [],
            "object_lock_enabled": false,
            "policy": null,
            "region": "ap-south-1",
            "replication_configuration": [],
            "request_payer": "BucketOwner",
            "server_side_encryption_configuration": [
              {
                "rule": [
                  {
                    "apply_server_side_encryption_by_default": [
                      {
                        "kms_master_key_id": "",
                        "sse_algorithm": "AES256"
                      }
                    ],
                    "bucket_key_enabled": false
                  }
                ]
              }
            ],
            "tags": {
              "Environment": "main",
              "ManagedBy": "Terraform",
              "Owner": "Anubhav Hajela",
              "Project": "chimein-server"
            },
            "tags_all": {
              "Environment": "main",
              "ManagedBy": "Terraform",
              "Owner": "Anubhav Hajela",
              "Project": "chimein-server"
            },
            "versioning": [
              {
                "enabled": false,
                "mfa_delete": false
              }
            ],
            "website": [],
            "website_domain": null,
            "website_endpoint": null
          },
          "sensitive_attributes": [],
          "identity_schema_version": 0,
          "private": "bnVsbA=="
        }
      ]
    },
    {
      "mode": "managed",
      "type": "aws_s3_bucket_public_access_block",
      "name": "public_block",
      "provider": "provider[\"registry.terraform.io/hashicorp/aws\"]",
      "instances": [
        {
          "schema_version": 0,
          "attributes": {
            "block_public_acls": true,
            "block_public_policy": true,
            "bucket": "chimein-server-main-app",
            "id": "chimein-server-main-app",
            "ignore_public_acls": true,
            "restrict_public_buckets": true
          },
          "sensitive_attributes": [],
          "identity_schema_version": 0,
          "private": "bnVsbA==",
          "dependencies": [
            "aws_s3_bucket.code_deploy_backend_bucket"
          ]
        }
      ]
    },
    {
      "mode": "managed",
      "type": "aws_s3_bucket_versioning",
      "name": "code_deploy_bucket_versioning",
      "provider": "provider[\"registry.terraform.io/hashicorp/aws\"]",
      "instances": [
        {
          "schema_version": 0,
          "attributes": {
            "bucket": "chimein-server-main-app",
            "expected_bucket_owner": "",
            "id": "chimein-server-main-app",
            "mfa": null,
            "versioning_configuration": [
              {
                "mfa_delete": "",
                "status": "Enabled"
              }
            ]
          },
          "sensitive_attributes": [],
          "identity_schema_version": 0,
          "private": "bnVsbA==",
          "dependencies": [
            "aws_s3_bucket.code_deploy_backend_bucket"
          ]
        }
      ]
    },
    {
      "mode": "managed",
      "type": "aws_security_group",
      "name": "alb_sg",
      "provider": "provider[\"registry.terraform.io/hashicorp/aws\"]",
      "instances": [
        {
          "schema_version": 1,
          "attributes": {
            "arn": "arn:aws:ec2:ap-south-1:228407934416:security-group/sg-0e4366bc6d53a7380",
            "description": "Allows traffic through the application load balancer",
            "egress": [
              {
                "cidr_blocks": [
                  "0.0.0.0/0"
                ],
                "description": "",
                "from_port": 0,
                "ipv6_cidr_blocks": [],
                "prefix_list_ids": [],
                "protocol": "-1",
                "security_groups": [],
                "self": false,
                "to_port": 0
              }
            ],
            "id": "sg-0e4366bc6d53a7380",
            "ingress": [
              {
                "cidr_blocks": [
                  "0.0.0.0/0"
                ],
                "description": "Allows HTTP traffic to load balancer",
                "from_port": 80,
                "ipv6_cidr_blocks": [],
                "prefix_list_ids": [],
                "protocol": "tcp",
                "security_groups": [],
                "self": false,
                "to_port": 80
              },
              {
                "cidr_blocks": [
                  "0.0.0.0/0"
                ],
                "description": "Allows HTTPS traffic to load balancer",
                "from_port": 443,
                "ipv6_cidr_blocks": [],
                "prefix_list_ids": [],
                "protocol": "tcp",
                "security_groups": [],
                "self": false,
                "to_port": 443
              }
            ],
            "name": "chimein-server-main-alb-sg",
            "name_prefix": "",
            "owner_id": "228407934416",
            "revoke_rules_on_delete": false,
            "tags": {
              "Environment": "main",
              "ManagedBy": "Terraform",
              "Name": "chimein-server-main-alb-sg",
              "Owner": "Anubhav Hajela",
              "Project": "chimein-server"
            },
            "tags_all": {
              "Environment": "main",
              "ManagedBy": "Terraform",
              "Name": "chimein-server-main-alb-sg",
              "Owner": "Anubhav Hajela",
              "Project": "chimein-server"
            },
            "timeouts": null,
            "vpc_id": "vpc-044f2d564e357eef2"
          },
          "sensitive_attributes": [],
          "identity_schema_version": 0,
          "private": "eyJlMmJmYjczMC1lY2FhLTExZTYtOGY4OC0zNDM2M2JjN2M0YzAiOnsiY3JlYXRlIjo2MDAwMDAwMDAwMDAsImRlbGV0ZSI6OTAwMDAwMDAwMDAwfSwic2NoZW1hX3ZlcnNpb24iOiIxIn0=",
          "dependencies": [
            "aws_vpc.main"
          ],
          "create_before_destroy": true
        }
      ]
    },
    {
      "mode": "managed",
      "type": "aws_security_group",
      "name": "autoscaling_group_sg",
      "provider": "provider[\"registry.terraform.io/hashicorp/aws\"]",
      "instances": [
        {
          "schema_version": 1,
          "attributes": {
            "arn": "arn:aws:ec2:ap-south-1:228407934416:security-group/sg-065f94186794313b0",
            "description": "Allows internet access for instance launched with ASG",
            "egress": [
              {
                "cidr_blocks": [
                  "0.0.0.0/0"
                ],
                "description": "",
                "from_port": 0,
                "ipv6_cidr_blocks": [],
                "prefix_list_ids": [],
                "protocol": "-1",
                "security_groups": [],
                "self": false,
                "to_port": 0
              }
            ],
            "id": "sg-065f94186794313b0",
            "ingress": [
              {
                "cidr_blocks": [],
                "description": "Allows HTTP traffic into webserver",
                "from_port": 80,
                "ipv6_cidr_blocks": [],
                "prefix_list_ids": [],
                "protocol": "tcp",
                "security_groups": [
                  "sg-0e4366bc6d53a7380"
                ],
                "self": false,
                "to_port": 80
              },
              {
                "cidr_blocks": [],
                "description": "Allows HTTPS traffic into webserver",
                "from_port": 443,
                "ipv6_cidr_blocks": [],
                "prefix_list_ids": [],
                "protocol": "tcp",
                "security_groups": [
                  "sg-0e4366bc6d53a7380"
                ],
                "self": false,
                "to_port": 443
              },
              {
                "cidr_blocks": [],
                "description": "Allows access to webserver through ALB",
                "from_port": 5000,
                "ipv6_cidr_blocks": [],
                "prefix_list_ids": [],
                "protocol": "tcp",
                "security_groups": [
                  "sg-0e4366bc6d53a7380"
                ],
                "self": false,
                "to_port": 5000
              },
              {
                "cidr_blocks": [],
                "description": "Allows access to webserver through bastion host using SSH",
                "from_port": 22,
                "ipv6_cidr_blocks": [],
                "prefix_list_ids": [],
                "protocol": "tcp",
                "security_groups": [
                  "sg-0907e4ebae04cfa4a"
                ],
                "self": false,
                "to_port": 22
              }
            ],
            "name": "chimein-server-main-autoscaling-group-sg",
            "name_prefix": "",
            "owner_id": "228407934416",
            "revoke_rules_on_delete": false,
            "tags": {
              "Environment": "main",
              "ManagedBy": "Terraform",
              "Name": "chimein-server-main-autoscaling-group-sg",
              "Owner": "Anubhav Hajela",
              "Project": "chimein-server"
            },
            "tags_all": {
              "Environment": "main",
              "ManagedBy": "Terraform",
              "Name": "chimein-server-main-autoscaling-group-sg",
              "Owner": "Anubhav Hajela",
              "Project": "chimein-server"
            },
            "timeouts": null,
            "vpc_id": "vpc-044f2d564e357eef2"
          },
          "sensitive_attributes": [],
          "identity_schema_version": 0,
          "private": "eyJlMmJmYjczMC1lY2FhLTExZTYtOGY4OC0zNDM2M2JjN2M0YzAiOnsiY3JlYXRlIjo2MDAwMDAwMDAwMDAsImRlbGV0ZSI6OTAwMDAwMDAwMDAwfSwic2NoZW1hX3ZlcnNpb24iOiIxIn0=",
          "dependencies": [
            "aws_security_group.alb_sg",
            "aws_security_group.bastion_host_sg",
            "aws_vpc.main"
          ],
          "create_before_destroy": true
        }
      ]
    },
    {
      "mode": "managed",
      "type": "aws_security_group",
      "name": "bastion_host_sg",
      "provider": "provider[\"registry.terraform.io/hashicorp/aws\"]",
      "instances": [
        {
          "schema_version": 1,
          "attributes": {
            "arn": "arn:aws:ec2:ap-south-1:228407934416:security-group/sg-0907e4ebae04cfa4a",
            "description": "Allows SSH into bastion host instance",
            "egress": [
              {
                "cidr_blocks": [
                  "0.0.0.0/0"
                ],
                "description": "",
                "from_port": 0,
                "ipv6_cidr_blocks": [],
                "prefix_list_ids": [],
                "protocol": "-1",
                "security_groups": [],
                "self": false,
                "to_port": 0
              }
            ],
            "id": "sg-0907e4ebae04cfa4a",
            "ingress": [
              {
                "cidr_blocks": [
                  "0.0.0.0/0"
                ],
                "description": "Allows SSH into bastion host instance",
                "from_port": 22,
                "ipv6_cidr_blocks": [],
                "prefix_list_ids": [],
                "protocol": "tcp",
                "security_groups": [],
                "self": false,
                "to_port": 22
              }
            ],
            "name": "chimein-server-main-bastion-host-sg",
            "name_prefix": "",
            "owner_id": "228407934416",
            "revoke_rules_on_delete": false,
            "tags": {
              "Environment": "main",
              "ManagedBy": "Terraform",
              "Name": "chimein-server-main-bastion-host-sg",
              "Owner": "Anubhav Hajela",
              "Project": "chimein-server"
            },
            "tags_all": {
              "Environment": "main",
              "ManagedBy": "Terraform",
              "Name": "chimein-server-main-bastion-host-sg",
              "Owner": "Anubhav Hajela",
              "Project": "chimein-server"
            },
            "timeouts": null,
            "vpc_id": "vpc-044f2d564e357eef2"
          },
          "sensitive_attributes": [],
          "identity_schema_version": 0,
          "private": "eyJlMmJmYjczMC1lY2FhLTExZTYtOGY4OC0zNDM2M2JjN2M0YzAiOnsiY3JlYXRlIjo2MDAwMDAwMDAwMDAsImRlbGV0ZSI6OTAwMDAwMDAwMDAwfSwic2NoZW1hX3ZlcnNpb24iOiIxIn0=",
          "dependencies": [
            "aws_vpc.main"
          ],
          "create_before_destroy": true
        }
      ]
    },
    {
      "mode": "managed",
      "type": "aws_security_group",
      "name": "elasticache_sg",
      "provider": "provider[\"registry.terraform.io/hashicorp/aws\"]",
      "instances": [
        {
          "schema_version": 1,
          "attributes": {
            "arn": "arn:aws:ec2:ap-south-1:228407934416:security-group/sg-0135c35ede16e0a38",
            "description": "Allows access to elasticache service",
            "egress": [
              {
                "cidr_blocks": [
                  "0.0.0.0/0"
                ],
                "description": "",
                "from_port": 0,
                "ipv6_cidr_blocks": [],
                "prefix_list_ids": [],
                "protocol": "-1",
                "security_groups": [],
                "self": false,
                "to_port": 0
              }
            ],
            "id": "sg-0135c35ede16e0a38",
            "ingress": [
              {
                "cidr_blocks": [],
                "description": "Allows access to redis server through ASG",
                "from_port": 6379,
                "ipv6_cidr_blocks": [],
                "prefix_list_ids": [],
                "protocol": "tcp",
                "security_groups": [
                  "sg-065f94186794313b0"
                ],
                "self": false,
                "to_port": 6379
              },
              {
                "cidr_blocks": [],
                "description": "Allows access to redis server through bastion host",
                "from_port": 6379,
                "ipv6_cidr_blocks": [],
                "prefix_list_ids": [],
                "protocol": "tcp",
                "security_groups": [
                  "sg-0907e4ebae04cfa4a"
                ],
                "self": false,
                "to_port": 6379
              }
            ],
            "name": "chimein-server-main-elasticache-sg",
            "name_prefix": "",
            "owner_id": "228407934416",
            "revoke_rules_on_delete": false,
            "tags": {
              "Environment": "main",
              "ManagedBy": "Terraform",
              "Name": "chimein-server-main-elasticache-sg",
              "Owner": "Anubhav Hajela",
              "Project": "chimein-server"
            },
            "tags_all": {
              "Environment": "main",
              "ManagedBy": "Terraform",
              "Name": "chimein-server-main-elasticache-sg",
              "Owner": "Anubhav Hajela",
              "Project": "chimein-server"
            },
            "timeouts": null,
            "vpc_id": "vpc-044f2d564e357eef2"
          },
          "sensitive_attributes": [],
          "identity_schema_version": 0,
          "private": "eyJlMmJmYjczMC1lY2FhLTExZTYtOGY4OC0zNDM2M2JjN2M0YzAiOnsiY3JlYXRlIjo2MDAwMDAwMDAwMDAsImRlbGV0ZSI6OTAwMDAwMDAwMDAwfSwic2NoZW1hX3ZlcnNpb24iOiIxIn0=",
          "dependencies": [
            "aws_security_group.alb_sg",
            "aws_security_group.autoscaling_group_sg",
            "aws_security_group.bastion_host_sg",
            "aws_vpc.main"
          ],
          "create_before_destroy": true
        }
      ]
    },
    {
      "mode": "managed",
      "type": "aws_subnet",
      "name": "private_subnet_a",
      "provider": "provider[\"registry.terraform.io/hashicorp/aws\"]",
      "instances": [
        {
          "schema_version": 1,
          "attributes": {
            "arn": "arn:aws:ec2:ap-south-1:228407934416:subnet/subnet-0426c8ebf33ac0082",
            "assign_ipv6_address_on_creation": false,
            "availability_zone": "ap-south-1a",
            "availability_zone_id": "aps1-az1",
            "cidr_block": "10.0.3.0/24",
            "customer_owned_ipv4_pool": "",
            "enable_dns64": false,
            "enable_resource_name_dns_a_record_on_launch": false,
            "enable_resource_name_dns_aaaa_record_on_launch": false,
            "id": "subnet-0426c8ebf33ac0082",
            "ipv6_cidr_block": "",
            "ipv6_cidr_block_association_id": "",
            "ipv6_native": false,
            "map_customer_owned_ip_on_launch": false,
            "map_public_ip_on_launch": false,
            "outpost_arn": "",
            "owner_id": "228407934416",
            "private_dns_hostname_type_on_launch": "ip-name",
            "tags": {
              "Environment": "main",
              "ManagedBy": "Terraform",
              "Name": "chimein-server-main-private-1a",
              "Owner": "Anubhav Hajela",
              "Project": "chimein-server"
            },
            "tags_all": {
              "Environment": "main",
              "ManagedBy": "Terraform",
              "Name": "chimein-server-main-private-1a",
              "Owner": "Anubhav Hajela",
              "Project": "chimein-server"
            },
            "timeouts": null,
            "vpc_id": "vpc-044f2d564e357eef2"
          },
          "sensitive_attributes": [],
          "identity_schema_version": 0,
          "private": "eyJlMmJmYjczMC1lY2FhLTExZTYtOGY4OC0zNDM2M2JjN2M0YzAiOnsiY3JlYXRlIjo2MDAwMDAwMDAwMDAsImRlbGV0ZSI6MTIwMDAwMDAwMDAwMH0sInNjaGVtYV92ZXJzaW9uIjoiMSJ9",
          "dependencies": [
            "aws_vpc.main"
          ],
          "create_before_destroy": true
        }
      ]
    },
    {
      "mode": "managed",
      "type": "aws_subnet",
      "name": "private_subnet_b",
      "provider": "provider[\"registry.terraform.io/hashicorp/aws\"]",
      "instances": [
        {
          "schema_version": 1,
          "attributes": {
            "arn": "arn:aws:ec2:ap-south-1:228407934416:subnet/subnet-085121e9516f66147",
            "assign_ipv6_address_on_creation": false,
            "availability_zone": "ap-south-1b",
            "availability_zone_id": "aps1-az3",
            "cidr_block": "10.0.4.0/24",
            "customer_owned_ipv4_pool": "",
            "enable_dns64": false,
            "enable_resource_name_dns_a_record_on_launch": false,
            "enable_resource_name_dns_aaaa_record_on_launch": false,
            "id": "subnet-085121e9516f66147",
            "ipv6_cidr_block": "",
            "ipv6_cidr_block_association_id": "",
            "ipv6_native": false,
            "map_customer_owned_ip_on_launch": false,
            "map_public_ip_on_launch": false,
            "outpost_arn": "",
            "owner_id": "228407934416",
            "private_dns_hostname_type_on_launch": "ip-name",
            "tags": {
              "Environment": "main",
              "ManagedBy": "Terraform",
              "Name": "chimein-server-main-private-1b",
              "Owner": "Anubhav Hajela",
              "Project": "chimein-server"
            },
            "tags_all": {
              "Environment": "main",
              "ManagedBy": "Terraform",
              "Name": "chimein-server-main-private-1b",
              "Owner": "Anubhav Hajela",
              "Project": "chimein-server"
            },
            "timeouts": null,
            "vpc_id": "vpc-044f2d564e357eef2"
          },
          "sensitive_attributes": [],
          "identity_schema_version": 0,
          "private": "eyJlMmJmYjczMC1lY2FhLTExZTYtOGY4OC0zNDM2M2JjN2M0YzAiOnsiY3JlYXRlIjo2MDAwMDAwMDAwMDAsImRlbGV0ZSI6MTIwMDAwMDAwMDAwMH0sInNjaGVtYV92ZXJzaW9uIjoiMSJ9",
          "dependencies": [
            "aws_vpc.main"
          ],
          "create_before_destroy": true
        }
      ]
    },
    {
      "mode": "managed",
      "type": "aws_subnet",
      "name": "public_subnet_a",
      "provider": "provider[\"registry.terraform.io/hashicorp/aws\"]",
      "instances": [
        {
          "schema_version": 1,
          "attributes": {
            "arn": "arn:aws:ec2:ap-south-1:228407934416:subnet/subnet-09a1e89ec718c82ca",
            "assign_ipv6_address_on_creation": false,
            "availability_zone": "ap-south-1a",
            "availability_zone_id": "aps1-az1",
            "cidr_block": "10.0.1.0/24",
            "customer_owned_ipv4_pool": "",
            "enable_dns64": false,
            "enable_resource_name_dns_a_record_on_launch": false,
            "enable_resource_name_dns_aaaa_record_on_launch": false,
            "id": "subnet-09a1e89ec718c82ca",
            "ipv6_cidr_block": "",
            "ipv6_cidr_block_association_id": "",
            "ipv6_native": false,
            "map_customer_owned_ip_on_launch": false,
            "map_public_ip_on_launch": true,
            "outpost_arn": "",
            "owner_id": "228407934416",
            "private_dns_hostname_type_on_launch": "ip-name",
            "tags": {
              "Environment": "main",
              "ManagedBy": "Terraform",
              "Name": "chimein-server-main-public-1a",
              "Owner": "Anubhav Hajela",
              "Project": "chimein-server"
            },
            "tags_all": {
              "Environment": "main",
              "ManagedBy": "Terraform",
              "Name": "chimein-server-main-public-1a",
              "Owner": "Anubhav Hajela",
              "Project": "chimein-server"
            },
            "timeouts": null,
            "vpc_id": "vpc-044f2d564e357eef2"
          },
          "sensitive_attributes": [],
          "identity_schema_version": 0,
          "private": "eyJlMmJmYjczMC1lY2FhLTExZTYtOGY4OC0zNDM2M2JjN2M0YzAiOnsiY3JlYXRlIjo2MDAwMDAwMDAwMDAsImRlbGV0ZSI6MTIwMDAwMDAwMDAwMH0sInNjaGVtYV92ZXJzaW9uIjoiMSJ9",
          "dependencies": [
            "aws_vpc.main"
          ]
        }
      ]
    },
    {
      "mode": "managed",
      "type": "aws_subnet",
      "name": "public_subnet_b",
      "provider": "provider[\"registry.terraform.io/hashicorp/aws\"]",
      "instances": [
        {
          "schema_version": 1,
          "attributes": {
            "arn": "arn:aws:ec2:ap-south-1:228407934416:subnet/subnet-0443331a932308a5d",
            "assign_ipv6_address_on_creation": false,
            "availability_zone": "ap-south-1b",
            "availability_zone_id": "aps1-az3",
            "cidr_block": "10.0.2.0/24",
            "customer_owned_ipv4_pool": "",
            "enable_dns64": false,
            "enable_resource_name_dns_a_record_on_launch": false,
            "enable_resource_name_dns_aaaa_record_on_launch": false,
            "id": "subnet-0443331a932308a5d",
            "ipv6_cidr_block": "",
            "ipv6_cidr_block_association_id": "",
            "ipv6_native": false,
            "map_customer_owned_ip_on_launch": false,
            "map_public_ip_on_launch": true,
            "outpost_arn": "",
            "owner_id": "228407934416",
            "private_dns_hostname_type_on_launch": "ip-name",
            "tags": {
              "Environment": "main",
              "ManagedBy": "Terraform",
              "Name": "chimein-server-main-public-1b",
              "Owner": "Anubhav Hajela",
              "Project": "chimein-server"
            },
            "tags_all": {
              "Environment": "main",
              "ManagedBy": "Terraform",
              "Name": "chimein-server-main-public-1b",
              "Owner": "Anubhav Hajela",
              "Project": "chimein-server"
            },
            "timeouts": null,
            "vpc_id": "vpc-044f2d564e357eef2"
          },
          "sensitive_attributes": [],
          "identity_schema_version": 0,
          "private": "eyJlMmJmYjczMC1lY2FhLTExZTYtOGY4OC0zNDM2M2JjN2M0YzAiOnsiY3JlYXRlIjo2MDAwMDAwMDAwMDAsImRlbGV0ZSI6MTIwMDAwMDAwMDAwMH0sInNjaGVtYV92ZXJzaW9uIjoiMSJ9",
          "dependencies": [
            "aws_vpc.main"
          ]
        }
      ]
    },
    {
      "mode": "managed",
      "type": "aws_vpc",
      "name": "main",
      "provider": "provider[\"registry.terraform.io/hashicorp/aws\"]",
      "instances": [
        {
          "schema_version": 1,
          "attributes": {
            "arn": "arn:aws:ec2:ap-south-1:228407934416:vpc/vpc-044f2d564e357eef2",
            "assign_generated_ipv6_cidr_block": false,
            "cidr_block": "10.0.0.0/16",
            "default_network_acl_id": "acl-0a9de578dc8096d3a",
            "default_route_table_id": "rtb-026845d0ee3c6247d",
            "default_security_group_id": "sg-09b02cee736a216f0",
            "dhcp_options_id": "dopt-062051c3367da09dd",
            "enable_classiclink": false,
            "enable_classiclink_dns_support": false,
            "enable_dns_hostnames": true,
            "enable_dns_support": true,
            "id": "vpc-044f2d564e357eef2",
            "instance_tenancy": "default",
            "ipv4_ipam_pool_id": null,
            "ipv4_netmask_length": null,
            "ipv6_association_id": "",
            "ipv6_cidr_block": "",
            "ipv6_cidr_block_network_border_group": "",
            "ipv6_ipam_pool_id": "",
            "ipv6_netmask_length": 0,
            "main_route_table_id": "rtb-026845d0ee3c6247d",
            "owner_id": "228407934416",
            "tags": {
              "Environment": "main",
              "ManagedBy": "Terraform",
              "Name": "chimein-server-main",
              "Owner": "Anubhav Hajela",
              "Project": "chimein-server"
            },
            "tags_all": {
              "Environment": "main",
              "ManagedBy": "Terraform",
              "Name": "chimein-server-main",
              "Owner": "Anubhav Hajela",
              "Project": "chimein-server"
            }
          },
          "sensitive_attributes": [],
          "identity_schema_version": 0,
          "private": "eyJzY2hlbWFfdmVyc2lvbiI6IjEifQ==",
          "create_before_destroy": true
        }
      ]
    }
  ],
  "check_results": null
}
